
Microsoft Visual Studio Solution File, Format Version 12.00
# Visual Studio Version 17
VisualStudioVersion = 17.2.32519.379
MinimumVisualStudioVersion = 10.0.40219.1
Project("{9A19103F-16F7-4668-BE54-9A1E7A4F7556}") = "M001", "M001\M001.csproj", "{A3CCE6A3-2CED-49AA-9DD4-C80F529875ED}"
EndProject
Project("{9A19103F-16F7-4668-BE54-9A1E7A4F7556}") = "M002", "M002\M002.csproj", "{32F1B58B-8C94-44F7-90DA-300A5610975B}"
EndProject
Project("{FAE04EC0-301F-11D3-BF4B-00C04F79EFBC}") = "M003", "M003\M003.csproj", "{1452C643-50F5-4DAF-8915-28D85AAED3A6}"
EndProject
Project("{FAE04EC0-301F-11D3-BF4B-00C04F79EFBC}") = "M004", "M004\M004.csproj", "{513FCD3A-882E-4285-9C1A-BAD366EADDAD}"
EndProject
Project("{FAE04EC0-301F-11D3-BF4B-00C04F79EFBC}") = "M005", "M005\M005.csproj", "{84DB4995-252C-4F79-AF69-B3B4AD0E71D9}"
EndProject
Global
	GlobalSection(SolutionConfigurationPlatforms) = preSolution
		Debug|Any CPU = Debug|Any CPU
		Release|Any CPU = Release|Any CPU
	EndGlobalSection
	GlobalSection(ProjectConfigurationPlatforms) = postSolution
		{A3CCE6A3-2CED-49AA-9DD4-C80F529875ED}.Debug|Any CPU.ActiveCfg = Debug|Any CPU
		{A3CCE6A3-2CED-49AA-9DD4-C80F529875ED}.Debug|Any CPU.Build.0 = Debug|Any CPU
		{A3CCE6A3-2CED-49AA-9DD4-C80F529875ED}.Release|Any CPU.ActiveCfg = Release|Any CPU
		{A3CCE6A3-2CED-49AA-9DD4-C80F529875ED}.Release|Any CPU.Build.0 = Release|Any CPU
		{32F1B58B-8C94-44F7-90DA-300A5610975B}.Debug|Any CPU.ActiveCfg = Debug|Any CPU
		{32F1B58B-8C94-44F7-90DA-300A5610975B}.Debug|Any CPU.Build.0 = Debug|Any CPU
		{32F1B58B-8C94-44F7-90DA-300A5610975B}.Release|Any CPU.ActiveCfg = Release|Any CPU
		{32F1B58B-8C94-44F7-90DA-300A5610975B}.Release|Any CPU.Build.0 = Release|Any CPU
		{1452C643-50F5-4DAF-8915-28D85AAED3A6}.Debug|Any CPU.ActiveCfg = Debug|Any CPU
		{1452C643-50F5-4DAF-8915-28D85AAED3A6}.Debug|Any CPU.Build.0 = Debug|Any CPU
		{1452C643-50F5-4DAF-8915-28D85AAED3A6}.Release|Any CPU.ActiveCfg = Release|Any CPU
		{1452C643-50F5-4DAF-8915-28D85AAED3A6}.Release|Any CPU.Build.0 = Release|Any CPU
		{513FCD3A-882E-4285-9C1A-BAD366EADDAD}.Debug|Any CPU.ActiveCfg = Debug|Any CPU
		{513FCD3A-882E-4285-9C1A-BAD366EADDAD}.Debug|Any CPU.Build.0 = Debug|Any CPU
		{513FCD3A-882E-4285-9C1A-BAD366EADDAD}.Release|Any CPU.ActiveCfg = Release|Any CPU
		{513FCD3A-882E-4285-9C1A-BAD366EADDAD}.Release|Any CPU.Build.0 = Release|Any CPU
		{84DB4995-252C-4F79-AF69-B3B4AD0E71D9}.Debug|Any CPU.ActiveCfg = Debug|Any CPU
		{84DB4995-252C-4F79-AF69-B3B4AD0E71D9}.Debug|Any CPU.Build.0 = Debug|Any CPU
		{84DB4995-252C-4F79-AF69-B3B4AD0E71D9}.Release|Any CPU.ActiveCfg = Release|Any CPU
		{84DB4995-252C-4F79-AF69-B3B4AD0E71D9}.Release|Any CPU.Build.0 = Release|Any CPU
	EndGlobalSection
	GlobalSection(SolutionProperties) = preSolution
		HideSolutionNode = FALSE
	EndGlobalSection
	GlobalSection(ExtensibilityGlobals) = postSolution
		SolutionGuid = {82FB1D88-FCF7-4C87-AEA7-C8893988D3D3}
	EndGlobalSection
EndGlobal
