
Microsoft Visual Studio Solution File, Format Version 12.00
# Visual Studio Version 17
VisualStudioVersion = 17.2.32519.379
MinimumVisualStudioVersion = 10.0.40219.1
Project("{FAE04EC0-301F-11D3-BF4B-00C04F79EFBC}") = "CSharp_Grundkurs_2022_10_04", "CSharp_Grundkurs_2022_10_04.csproj", "{D8B67346-0FB7-42F8-9258-909DEE3BC8EE}"
EndProject
Global
	GlobalSection(SolutionConfigurationPlatforms) = preSolution
		Debug|Any CPU = Debug|Any CPU
		Release|Any CPU = Release|Any CPU
	EndGlobalSection
	GlobalSection(ProjectConfigurationPlatforms) = postSolution
		{D8B67346-0FB7-42F8-9258-909DEE3BC8EE}.Debug|Any CPU.ActiveCfg = Debug|Any CPU
		{D8B67346-0FB7-42F8-9258-909DEE3BC8EE}.Debug|Any CPU.Build.0 = Debug|Any CPU
		{D8B67346-0FB7-42F8-9258-909DEE3BC8EE}.Release|Any CPU.ActiveCfg = Release|Any CPU
		{D8B67346-0FB7-42F8-9258-909DEE3BC8EE}.Release|Any CPU.Build.0 = Release|Any CPU
	EndGlobalSection
	GlobalSection(SolutionProperties) = preSolution
		HideSolutionNode = FALSE
	EndGlobalSection
	GlobalSection(ExtensibilityGlobals) = postSolution
		SolutionGuid = {82FB1D88-FCF7-4C87-AEA7-C8893988D3D3}
	EndGlobalSection
EndGlobal
